
Microsoft Visual Studio Solution File, Format Version 12.00
# Visual Studio Version 17
VisualStudioVersion = 17.8.34511.84
MinimumVisualStudioVersion = 10.0.40219.1
Project("{FAE04EC0-301F-11D3-BF4B-00C04F79EFBC}") = "DemoManipulateXML", "DemoManipulateXML.csproj", "{AE14C1D0-F81C-4E68-9261-BD14C9C91AC5}"
EndProject
Global
	GlobalSection(SolutionConfigurationPlatforms) = preSolution
		Debug|Any CPU = Debug|Any CPU
		Release|Any CPU = Release|Any CPU
	EndGlobalSection
	GlobalSection(ProjectConfigurationPlatforms) = postSolution
		{AE14C1D0-F81C-4E68-9261-BD14C9C91AC5}.Debug|Any CPU.ActiveCfg = Debug|Any CPU
		{AE14C1D0-F81C-4E68-9261-BD14C9C91AC5}.Debug|Any CPU.Build.0 = Debug|Any CPU
		{AE14C1D0-F81C-4E68-9261-BD14C9C91AC5}.Release|Any CPU.ActiveCfg = Release|Any CPU
		{AE14C1D0-F81C-4E68-9261-BD14C9C91AC5}.Release|Any CPU.Build.0 = Release|Any CPU
	EndGlobalSection
	GlobalSection(SolutionProperties) = preSolution
		HideSolutionNode = FALSE
	EndGlobalSection
	GlobalSection(ExtensibilityGlobals) = postSolution
		SolutionGuid = {9B2FCCD5-F641-4A37-99F2-BF225F7006CB}
	EndGlobalSection
EndGlobal
